
Microsoft Visual Studio Solution File, Format Version 12.00
# Visual Studio 15
VisualStudioVersion = 15.0.28307.489
MinimumVisualStudioVersion = 10.0.40219.1
Project("{FAE04EC0-301F-11D3-BF4B-00C04F79EFBC}") = "WordChain", "WordChain\WordChain.csproj", "{A1C42BD0-C22E-456F-90D0-13EB35E15D1A}"
EndProject
Global
	GlobalSection(SolutionConfigurationPlatforms) = preSolution
		Debug|Any CPU = Debug|Any CPU
		Release|Any CPU = Release|Any CPU
	EndGlobalSection
	GlobalSection(ProjectConfigurationPlatforms) = postSolution
		{A1C42BD0-C22E-456F-90D0-13EB35E15D1A}.Debug|Any CPU.ActiveCfg = Debug|Any CPU
		{A1C42BD0-C22E-456F-90D0-13EB35E15D1A}.Debug|Any CPU.Build.0 = Debug|Any CPU
		{A1C42BD0-C22E-456F-90D0-13EB35E15D1A}.Release|Any CPU.ActiveCfg = Release|Any CPU
		{A1C42BD0-C22E-456F-90D0-13EB35E15D1A}.Release|Any CPU.Build.0 = Release|Any CPU
	EndGlobalSection
	GlobalSection(SolutionProperties) = preSolution
		HideSolutionNode = FALSE
	EndGlobalSection
	GlobalSection(ExtensibilityGlobals) = postSolution
		SolutionGuid = {848D7B68-FC99-4D29-BAFC-9A680E472DF9}
	EndGlobalSection
EndGlobal
